<?xml version="1.0" encoding="utf-8"?>
<Project ToolsVersion="4.0" xmlns="http://schemas.microsoft.com/developer/msbuild/2003">
  <ItemGroup>
    <Filter Include="소스 파일">
      <UniqueIdentifier>{4FC737F1-C7A5-4376-A066-2A32D752A2FF}</UniqueIdentifier>
      <Extensions>cpp;c;cc;cxx;c++;cppm;ixx;def;odl;idl;hpj;bat;asm;asmx</Extensions>
    </Filter>
    <Filter Include="헤더 파일">
      <UniqueIdentifier>{93995380-89BD-4b04-88EB-625FBE52EBFB}</UniqueIdentifier>
      <Extensions>h;hh;hpp;hxx;h++;hm;inl;inc;ipp;xsd</Extensions>
    </Filter>
    <Filter Include="리소스 파일">
      <UniqueIdentifier>{67DA6AB6-F800-4c08-8B7A-83BB121AAD01}</UniqueIdentifier>
      <Extensions>rc;ico;cur;bmp;dlg;rc2;rct;bin;rgs;gif;jpg;jpeg;jpe;resx;tiff;tif;png;wav;mfcribbon-ms</Extensions>
    </Filter>
  </ItemGroup>
  <ItemGroup>
    <ClCompile Include="Goorm L2 - Distance of two points.cpp">
      <Filter>소스 파일</Filter>
    </ClCompile>
    <ClCompile Include="LeetCode - ArrayPartition1.cpp">
      <Filter>소스 파일</Filter>
    </ClCompile>
    <ClCompile Include="LeetCode - Best Time to Buy and Sell Stock.cpp">
      <Filter>소스 파일</Filter>
    </ClCompile>
    <ClCompile Include="LeetCode - 3Sum.cpp">
      <Filter>소스 파일</Filter>
    </ClCompile>
    <ClCompile Include="Goorm L2 - Find interest on bank deposits.cpp">
      <Filter>소스 파일</Filter>
    </ClCompile>
    <ClCompile Include="Goorm L2 - Print nums.cpp">
      <Filter>소스 파일</Filter>
    </ClCompile>
    <ClCompile Include="Goorm L2 - Perfect square.cpp">
      <Filter>소스 파일</Filter>
    </ClCompile>
    <ClCompile Include="Goorm L2 - Perfect number.cpp">
      <Filter>소스 파일</Filter>
    </ClCompile>
    <ClCompile Include="Goorm L2 - 3D Array.cpp">
      <Filter>소스 파일</Filter>
    </ClCompile>
    <ClCompile Include="Goorm L2 - Shortest Distance.cpp">
      <Filter>소스 파일</Filter>
    </ClCompile>
    <ClCompile Include="Goorm L2 - Pizza Coupon.cpp">
      <Filter>소스 파일</Filter>
    </ClCompile>
    <ClCompile Include="Goorm L2 - Area of triangle 2.cpp">
      <Filter>소스 파일</Filter>
    </ClCompile>
    <ClCompile Include="Goorm L2 - Narcissistic Number.cpp">
      <Filter>소스 파일</Filter>
    </ClCompile>
    <ClCompile Include="Goorm L2 - Multiplication table plus.cpp">
      <Filter>소스 파일</Filter>
    </ClCompile>
    <ClCompile Include="Goorm L2 - Minesweeper.cpp">
      <Filter>소스 파일</Filter>
    </ClCompile>
    <ClCompile Include="Goorm L2 - Sum of factors.cpp">
      <Filter>소스 파일</Filter>
    </ClCompile>
    <ClCompile Include="LeetCode - Palindrome Linked List.cpp">
      <Filter>소스 파일</Filter>
    </ClCompile>
    <ClCompile Include="LeetCode - Merge Two Sorted Lists.cpp">
      <Filter>소스 파일</Filter>
    </ClCompile>
    <ClCompile Include="LeetCode - Add Two Numbers.cpp">
      <Filter>소스 파일</Filter>
    </ClCompile>
    <ClCompile Include="Goorm L2 - Calculator.cpp">
      <Filter>소스 파일</Filter>
    </ClCompile>
    <ClCompile Include="Goorm L2 - Absolute Value.cpp">
      <Filter>소스 파일</Filter>
    </ClCompile>
    <ClCompile Include="Goorm L2 - Dice Game.cpp">
      <Filter>소스 파일</Filter>
    </ClCompile>
    <ClCompile Include="Goorm L2 - Max Value.cpp">
      <Filter>소스 파일</Filter>
    </ClCompile>
    <ClCompile Include="Goorm L2 - Selection Sort.cpp">
      <Filter>소스 파일</Filter>
    </ClCompile>
    <ClCompile Include="Goorm L2 - Factorial.cpp">
      <Filter>소스 파일</Filter>
    </ClCompile>
    <ClCompile Include="Goorm L2 - Financial Crisis.cpp">
      <Filter>소스 파일</Filter>
    </ClCompile>
    <ClCompile Include="Goorm L2 - Odd Number Game.cpp">
      <Filter>소스 파일</Filter>
    </ClCompile>
    <ClCompile Include="Goorm L2 - Get The Number Of Prime Number.cpp">
      <Filter>소스 파일</Filter>
    </ClCompile>
    <ClCompile Include="Goorm L2 - Separation numbers in a range, multiply, and sum.cpp">
      <Filter>소스 파일</Filter>
    </ClCompile>
    <ClCompile Include="LeetCode - Valid Parentheses.cpp">
      <Filter>소스 파일</Filter>
    </ClCompile>
    <ClCompile Include="LeetCode - Remove Duplicate Letters.cpp">
      <Filter>소스 파일</Filter>
    </ClCompile>
    <ClCompile Include="LeetCode - Daily Temperatures.cpp">
      <Filter>소스 파일</Filter>
    </ClCompile>
    <ClCompile Include="Goorm L2 - Multi Tap.cpp">
      <Filter>소스 파일</Filter>
    </ClCompile>
    <ClCompile Include="Goorm L2 - The Average and the bigger number than the average.cpp">
      <Filter>소스 파일</Filter>
    </ClCompile>
    <ClCompile Include="Goorm L2 - Sum of odd numbers.cpp">
      <Filter>소스 파일</Filter>
    </ClCompile>
    <ClCompile Include="Goorm L2 - change the upper case and lower case and print.cpp">
      <Filter>소스 파일</Filter>
    </ClCompile>
    <ClCompile Include="Goorm L2 - product distribution.cpp">
      <Filter>소스 파일</Filter>
    </ClCompile>
    <ClCompile Include="LeetCode - Design HashMap.cpp">
      <Filter>소스 파일</Filter>
    </ClCompile>
    <ClCompile Include="LeetCode - Jewels and Stones.cpp">
      <Filter>소스 파일</Filter>
    </ClCompile>
    <ClCompile Include="LeetCode - Longest Substring Without Repeating Characters.cpp">
      <Filter>소스 파일</Filter>
    </ClCompile>
    <ClCompile Include="LeetCode - Top K Frequent Elements.cpp">
      <Filter>소스 파일</Filter>
    </ClCompile>
    <ClCompile Include="Programmers L1 - uncompleted participant.cpp">
      <Filter>소스 파일</Filter>
    </ClCompile>
    <ClCompile Include="Programmers L2 - phone number list.cpp">
      <Filter>소스 파일</Filter>
    </ClCompile>
    <ClCompile Include="Programmers L2 - camouflage.cpp">
      <Filter>소스 파일</Filter>
    </ClCompile>
    <ClCompile Include="Programmers L3 - best album.cpp">
      <Filter>소스 파일</Filter>
    </ClCompile>
    <ClCompile Include="Programmers L2 - Function Development.cpp">
      <Filter>소스 파일</Filter>
    </ClCompile>
    <ClCompile Include="Programmers L2 - Printer.cpp">
      <Filter>소스 파일</Filter>
    </ClCompile>
    <ClCompile Include="Programmers L2 - truck crossing the bridge.cpp">
      <Filter>소스 파일</Filter>
    </ClCompile>
    <ClCompile Include="Programmers L1 - Kth Number.cpp">
      <Filter>소스 파일</Filter>
    </ClCompile>
    <ClCompile Include="Programmers L2 - The Biggest Number.cpp">
      <Filter>소스 파일</Filter>
    </ClCompile>
    <ClCompile Include="Programmers L2 - H-Index.cpp">
      <Filter>소스 파일</Filter>
    </ClCompile>
    <ClCompile Include="Programmers L1 - Mock Exam.cpp">
      <Filter>소스 파일</Filter>
    </ClCompile>
    <ClCompile Include="Programmers L2 - Finding Prime Number.cpp">
      <Filter>소스 파일</Filter>
    </ClCompile>
    <ClCompile Include="Programmers L2 - Carpet.cpp">
      <Filter>소스 파일</Filter>
    </ClCompile>
    <ClCompile Include="Programmers L1 - Gym Suit.cpp">
      <Filter>소스 파일</Filter>
    </ClCompile>
    <ClCompile Include="Programmers L2 - Joystick.cpp">
      <Filter>소스 파일</Filter>
    </ClCompile>
    <ClCompile Include="Programmers L2 - Make a Big Number.cpp">
      <Filter>소스 파일</Filter>
    </ClCompile>
    <ClCompile Include="Programmers L3 - Connecting islands.cpp">
      <Filter>소스 파일</Filter>
    </ClCompile>
    <ClCompile Include="Programmers L3 - Speed Trap Camera.cpp">
      <Filter>소스 파일</Filter>
    </ClCompile>
    <ClCompile Include="Programmers L1 - Getting Report Results.cpp">
      <Filter>소스 파일</Filter>
    </ClCompile>
    <ClCompile Include="Programmers L1 - The Highest and Lowest Rank of Lottos.cpp">
      <Filter>소스 파일</Filter>
    </ClCompile>
    <ClCompile Include="Programmers L1 - Generate a New ID.cpp">
      <Filter>소스 파일</Filter>
    </ClCompile>
    <ClCompile Include="Programmers L1 - Number String and English Word.cpp">
      <Filter>소스 파일</Filter>
    </ClCompile>
    <ClCompile Include="Programmers L1 - Press the Keypad.cpp">
      <Filter>소스 파일</Filter>
    </ClCompile>
    <ClCompile Include="Programmers L1 - Add Missing Numbers.cpp">
      <Filter>소스 파일</Filter>
    </ClCompile>
    <ClCompile Include="Programmers L1 - Dot Product.cpp">
      <Filter>소스 파일</Filter>
    </ClCompile>
    <ClCompile Include="Programmers L1 - Add Yin and Yang.cpp">
      <Filter>소스 파일</Filter>
    </ClCompile>
    <ClCompile Include="Programmers L1 - Minimum Rectangle.cpp">
      <Filter>소스 파일</Filter>
    </ClCompile>
    <ClCompile Include="Programmers L1 - Pick Two Numbers and Sum.cpp">
      <Filter>소스 파일</Filter>
    </ClCompile>
    <ClCompile Include="Programmers L1 - Divisible Array of Numbers.cpp">
      <Filter>소스 파일</Filter>
    </ClCompile>
    <ClCompile Include="Programmers L1 - 2016.cpp">
      <Filter>소스 파일</Filter>
    </ClCompile>
    <ClCompile Include="Programmers L1 - Make a Prime Number.cpp">
      <Filter>소스 파일</Filter>
    </ClCompile>
    <ClCompile Include="Programmers L1 - Number of factors and Addition.cpp">
      <Filter>소스 파일</Filter>
    </ClCompile>
    <ClCompile Include="Programmers L1 - Get Middle Letter.cpp">
      <Filter>소스 파일</Filter>
    </ClCompile>
    <ClCompile Include="Programmers L1 - Finding Prime Number.cpp">
      <Filter>소스 파일</Filter>
    </ClCompile>
    <ClCompile Include="Programmers Skill up Level 2.cpp">
      <Filter>소스 파일</Filter>
    </ClCompile>
    <ClCompile Include="Programmers Skill up Level 3 - 1.cpp">
      <Filter>소스 파일</Filter>
    </ClCompile>
    <ClCompile Include="Programmers L1 - Harshad Number.cpp">
      <Filter>소스 파일</Filter>
    </ClCompile>
    <ClCompile Include="Programmers L1 - Number of p and y in String.cpp">
      <Filter>소스 파일</Filter>
    </ClCompile>
    <ClCompile Include="Programmers Skill up Level 3 - 2.cpp">
      <Filter>소스 파일</Filter>
    </ClCompile>
  </ItemGroup>
  <ItemGroup>
    <None Include="Programmers L2 - .Life Boat.cpp">
      <Filter>소스 파일</Filter>
    </None>
  </ItemGroup>
</Project>